
Microsoft Visual Studio Solution File, Format Version 11.00
# Visual Studio 2010
Project("{FAE04EC0-301F-11D3-BF4B-00C04F79EFBC}") = "PacmanSilverlight", "PacmanSilverlight\PacmanSilverlight.csproj", "{AFD0BA97-90A3-4B8D-9AF7-0D132F1C4BE8}"
EndProject
Project("{FAE04EC0-301F-11D3-BF4B-00C04F79EFBC}") = "PacmanSilverlight.Web", "PacmanSilverlight.Web\PacmanSilverlight.Web.csproj", "{F2649E15-096B-4373-A338-F66383E891DF}"
EndProject
Global
	GlobalSection(SolutionConfigurationPlatforms) = preSolution
		Debug|Any CPU = Debug|Any CPU
		Release|Any CPU = Release|Any CPU
	EndGlobalSection
	GlobalSection(ProjectConfigurationPlatforms) = postSolution
		{AFD0BA97-90A3-4B8D-9AF7-0D132F1C4BE8}.Debug|Any CPU.ActiveCfg = Debug|Any CPU
		{AFD0BA97-90A3-4B8D-9AF7-0D132F1C4BE8}.Debug|Any CPU.Build.0 = Debug|Any CPU
		{AFD0BA97-90A3-4B8D-9AF7-0D132F1C4BE8}.Release|Any CPU.ActiveCfg = Release|Any CPU
		{AFD0BA97-90A3-4B8D-9AF7-0D132F1C4BE8}.Release|Any CPU.Build.0 = Release|Any CPU
		{F2649E15-096B-4373-A338-F66383E891DF}.Debug|Any CPU.ActiveCfg = Debug|Any CPU
		{F2649E15-096B-4373-A338-F66383E891DF}.Debug|Any CPU.Build.0 = Debug|Any CPU
		{F2649E15-096B-4373-A338-F66383E891DF}.Release|Any CPU.ActiveCfg = Release|Any CPU
		{F2649E15-096B-4373-A338-F66383E891DF}.Release|Any CPU.Build.0 = Release|Any CPU
	EndGlobalSection
	GlobalSection(SolutionProperties) = preSolution
		HideSolutionNode = FALSE
	EndGlobalSection
EndGlobal
